
Microsoft Visual Studio Solution File, Format Version 12.00
# Visual Studio 14
VisualStudioVersion = 14.0.25420.1
MinimumVisualStudioVersion = 10.0.40219.1
Project("{FAE04EC0-301F-11D3-BF4B-00C04F79EFBC}") = "Assesment", "Codility\Assesment.csproj", "{C74CC8C4-D79A-497F-B0F2-CF1BF74344CE}"
EndProject
Project("{FAE04EC0-301F-11D3-BF4B-00C04F79EFBC}") = "Tests", "Tests\Tests.csproj", "{830A73F6-29D7-4DCB-8424-323EF004F3B6}"
EndProject
Global
	GlobalSection(SolutionConfigurationPlatforms) = preSolution
		Debug|Any CPU = Debug|Any CPU
		Release|Any CPU = Release|Any CPU
	EndGlobalSection
	GlobalSection(ProjectConfigurationPlatforms) = postSolution
		{C74CC8C4-D79A-497F-B0F2-CF1BF74344CE}.Debug|Any CPU.ActiveCfg = Debug|Any CPU
		{C74CC8C4-D79A-497F-B0F2-CF1BF74344CE}.Debug|Any CPU.Build.0 = Debug|Any CPU
		{C74CC8C4-D79A-497F-B0F2-CF1BF74344CE}.Release|Any CPU.ActiveCfg = Release|Any CPU
		{C74CC8C4-D79A-497F-B0F2-CF1BF74344CE}.Release|Any CPU.Build.0 = Release|Any CPU
		{830A73F6-29D7-4DCB-8424-323EF004F3B6}.Debug|Any CPU.ActiveCfg = Debug|Any CPU
		{830A73F6-29D7-4DCB-8424-323EF004F3B6}.Debug|Any CPU.Build.0 = Debug|Any CPU
		{830A73F6-29D7-4DCB-8424-323EF004F3B6}.Release|Any CPU.ActiveCfg = Release|Any CPU
		{830A73F6-29D7-4DCB-8424-323EF004F3B6}.Release|Any CPU.Build.0 = Release|Any CPU
	EndGlobalSection
	GlobalSection(SolutionProperties) = preSolution
		HideSolutionNode = FALSE
	EndGlobalSection
EndGlobal
